# THIS IS AN AUTOGENERATED FILE. DO NOT EDIT THIS FILE DIRECTLY.
# yarn lockfile v1


bencode@^3.0.0:
  version "3.0.0"
  resolved "https://registry.yarnpkg.com/bencode/-/bencode-3.0.0.tgz#a6d22fec67b4322fa705b46b75b1f3cfbf90d3a8"
  integrity sha512-rVh1tuShNa2Khs9rE1a9TrzNFGKLAj7JEOy5eh+qY/OWBIwvpATRIMGmalyFkPqqGgpQIfEHIETg5lTET25ujQ==
